
Microsoft Visual Studio Solution File, Format Version 12.00
# Visual Studio Version 16
VisualStudioVersion = 16.0.34031.81
MinimumVisualStudioVersion = 10.0.40219.1
Project("{9A19103F-16F7-4668-BE54-9A1E7A4F7556}") = "DarkHarvest", "DarkHarvest.csproj", "{307A88A0-845B-4E09-95EE-22E31EBD7CED}"
EndProject
Global
	GlobalSection(SolutionConfigurationPlatforms) = preSolution
		Debug|Any CPU = Debug|Any CPU
		Release|Any CPU = Release|Any CPU
	EndGlobalSection
	GlobalSection(ProjectConfigurationPlatforms) = postSolution
		{307A88A0-845B-4E09-95EE-22E31EBD7CED}.Debug|Any CPU.ActiveCfg = Debug|Any CPU
		{307A88A0-845B-4E09-95EE-22E31EBD7CED}.Debug|Any CPU.Build.0 = Debug|Any CPU
		{307A88A0-845B-4E09-95EE-22E31EBD7CED}.Release|Any CPU.ActiveCfg = Release|Any CPU
		{307A88A0-845B-4E09-95EE-22E31EBD7CED}.Release|Any CPU.Build.0 = Release|Any CPU
	EndGlobalSection
	GlobalSection(SolutionProperties) = preSolution
		HideSolutionNode = FALSE
	EndGlobalSection
	GlobalSection(ExtensibilityGlobals) = postSolution
		SolutionGuid = {4745F8C9-2BCE-4A6B-8483-C61E799C2260}
	EndGlobalSection
EndGlobal
